
Microsoft Visual Studio Solution File, Format Version 12.00
# Visual Studio Version 17
VisualStudioVersion = 17.1.32210.238
MinimumVisualStudioVersion = 10.0.40219.1
Project("{FAE04EC0-301F-11D3-BF4B-00C04F79EFBC}") = "solution4", "solution4\solution4.csproj", "{2B9C06BE-7158-435D-B01B-2B65B7C3185F}"
EndProject
Global
	GlobalSection(SolutionConfigurationPlatforms) = preSolution
		Debug|Any CPU = Debug|Any CPU
		Release|Any CPU = Release|Any CPU
	EndGlobalSection
	GlobalSection(ProjectConfigurationPlatforms) = postSolution
		{2B9C06BE-7158-435D-B01B-2B65B7C3185F}.Debug|Any CPU.ActiveCfg = Debug|Any CPU
		{2B9C06BE-7158-435D-B01B-2B65B7C3185F}.Debug|Any CPU.Build.0 = Debug|Any CPU
		{2B9C06BE-7158-435D-B01B-2B65B7C3185F}.Release|Any CPU.ActiveCfg = Release|Any CPU
		{2B9C06BE-7158-435D-B01B-2B65B7C3185F}.Release|Any CPU.Build.0 = Release|Any CPU
	EndGlobalSection
	GlobalSection(SolutionProperties) = preSolution
		HideSolutionNode = FALSE
	EndGlobalSection
	GlobalSection(ExtensibilityGlobals) = postSolution
		SolutionGuid = {D953D9CD-6F42-43E0-979C-161FE9298849}
	EndGlobalSection
EndGlobal
