
Microsoft Visual Studio Solution File, Format Version 12.00
# Visual Studio Version 17
VisualStudioVersion = 17.1.32210.238
MinimumVisualStudioVersion = 10.0.40219.1
Project("{FAE04EC0-301F-11D3-BF4B-00C04F79EFBC}") = "task7", "task7\task7.csproj", "{E6F4794F-744C-4FAF-B920-80B7C50E4E0E}"
EndProject
Global
	GlobalSection(SolutionConfigurationPlatforms) = preSolution
		Debug|Any CPU = Debug|Any CPU
		Release|Any CPU = Release|Any CPU
	EndGlobalSection
	GlobalSection(ProjectConfigurationPlatforms) = postSolution
		{E6F4794F-744C-4FAF-B920-80B7C50E4E0E}.Debug|Any CPU.ActiveCfg = Debug|Any CPU
		{E6F4794F-744C-4FAF-B920-80B7C50E4E0E}.Debug|Any CPU.Build.0 = Debug|Any CPU
		{E6F4794F-744C-4FAF-B920-80B7C50E4E0E}.Release|Any CPU.ActiveCfg = Release|Any CPU
		{E6F4794F-744C-4FAF-B920-80B7C50E4E0E}.Release|Any CPU.Build.0 = Release|Any CPU
	EndGlobalSection
	GlobalSection(SolutionProperties) = preSolution
		HideSolutionNode = FALSE
	EndGlobalSection
	GlobalSection(ExtensibilityGlobals) = postSolution
		SolutionGuid = {7AD8249F-0FA2-473F-BE9A-5DBCBDB4C311}
	EndGlobalSection
EndGlobal
